// !$*UTF8*$!
{
	archiveVersion = 1;
	classes = {
	};
	objectVersion = 46;
	objects = {

/* Begin PBXBuildFile section */
		DC1AA76719FCF079000B15EA /* ReactionButton.swift in Sources */ = {isa = PBXBuildFile; fileRef = DC1AA76619FCF079000B15EA /* ReactionButton.swift */; };
		DC4C07E919FCCEFB0001C74C /* AppDelegate.swift in Sources */ = {isa = PBXBuildFile; fileRef = DC4C07E819FCCEFB0001C74C /* AppDelegate.swift */; };
		DC4C07EB19FCCEFB0001C74C /* ViewController.swift in Sources */ = {isa = PBXBuildFile; fileRef = DC4C07EA19FCCEFB0001C74C /* ViewController.swift */; };
		DC4C07EE19FCCEFB0001C74C /* Main.storyboard in Resources */ = {isa = PBXBuildFile; fileRef = DC4C07EC19FCCEFB0001C74C /* Main.storyboard */; };
		DC4C07F019FCCEFB0001C74C /* Images.xcassets in Resources */ = {isa = PBXBuildFile; fileRef = DC4C07EF19FCCEFB0001C74C /* Images.xcassets */; };
		DC4C07F319FCCEFB0001C74C /* LaunchScreen.xib in Resources */ = {isa = PBXBuildFile; fileRef = DC4C07F119FCCEFB0001C74C /* LaunchScreen.xib */; };
		DC4C07FF19FCCEFB0001C74C /* ReactionTestTests.swift in Sources */ = {isa = PBXBuildFile; fileRef = DC4C07FE19FCCEFB0001C74C /* ReactionTestTests.swift */; };
		DC60AAD919FD6235004B16DA /* GameScene.swift in Sources */ = {isa = PBXBuildFile; fileRef = DC60AAD819FD6235004B16DA /* GameScene.swift */; };
/* End PBXBuildFile section */

/* Begin PBXContainerItemProxy section */
		DC4C07F919FCCEFB0001C74C /* PBXContainerItemProxy */ = {
			isa = PBXContainerItemProxy;
			containerPortal = DC4C07DB19FCCEFB0001C74C /* Project object */;
			proxyType = 1;
			remoteGlobalIDString = DC4C07E219FCCEFB0001C74C;
			remoteInfo = ReactionTest;
		};
/* End PBXContainerItemProxy section */

/* Begin PBXFileReference section */
		DC1AA76619FCF079000B15EA /* ReactionButton.swift */ = {isa = PBXFileReference; fileEncoding = 4; lastKnownFileType = sourcecode.swift; name = ReactionButton.swift; path = ../ReactionButton.swift; sourceTree = "<group>"; };
		DC4C07E319FCCEFB0001C74C /* ReactionTest.app */ = {isa = PBXFileReference; explicitFileType = wrapper.application; includeInIndex = 0; path = ReactionTest.app; sourceTree = BUILT_PRODUCTS_DIR; };
		DC4C07E719FCCEFB0001C74C /* Info.plist */ = {isa = PBXFileReference; lastKnownFileType = text.plist.xml; path = Info.plist; sourceTree = "<group>"; };
		DC4C07E819FCCEFB0001C74C /* AppDelegate.swift */ = {isa = PBXFileReference; lastKnownFileType = sourcecode.swift; path = AppDelegate.swift; sourceTree = "<group>"; };
		DC4C07EA19FCCEFB0001C74C /* ViewController.swift */ = {isa = PBXFileReference; lastKnownFileType = sourcecode.swift; path = ViewController.swift; sourceTree = "<group>"; };
		DC4C07ED19FCCEFB0001C74C /* Base */ = {isa = PBXFileReference; lastKnownFileType = file.storyboard; name = Base; path = Base.lproj/Main.storyboard; sourceTree = "<group>"; };
		DC4C07EF19FCCEFB0001C74C /* Images.xcassets */ = {isa = PBXFileReference; lastKnownFileType = folder.assetcatalog; path = Images.xcassets; sourceTree = "<group>"; };
		DC4C07F219FCCEFB0001C74C /* Base */ = {isa = PBXFileReference; lastKnownFileType = file.xib; name = Base; path = Base.lproj/LaunchScreen.xib; sourceTree = "<group>"; };
		DC4C07F819FCCEFB0001C74C /* ReactionTestTests.xctest */ = {isa = PBXFileReference; explicitFileType = wrapper.cfbundle; includeInIndex = 0; path = ReactionTestTests.xctest; sourceTree = BUILT_PRODUCTS_DIR; };
		DC4C07FD19FCCEFB0001C74C /* Info.plist */ = {isa = PBXFileReference; lastKnownFileType = text.plist.xml; path = Info.plist; sourceTree = "<group>"; };
		DC4C07FE19FCCEFB0001C74C /* ReactionTestTests.swift */ = {isa = PBXFileReference; lastKnownFileType = sourcecode.swift; path = ReactionTestTests.swift; sourceTree = "<group>"; };
		DC60AAD819FD6235004B16DA /* GameScene.swift */ = {isa = PBXFileReference; fileEncoding = 4; lastKnownFileType = sourcecode.swift; path = GameScene.swift; sourceTree = "<group>"; };
/* End PBXFileReference section */

/* Begin PBXFrameworksBuildPhase section */
		DC4C07E019FCCEFB0001C74C /* Frameworks */ = {
			isa = PBXFrameworksBuildPhase;
			buildActionMask = 2147483647;
			files = (
			);
			runOnlyForDeploymentPostprocessing = 0;
		};
		DC4C07F519FCCEFB0001C74C /* Frameworks */ = {
			isa = PBXFrameworksBuildPhase;
			buildActionMask = 2147483647;
			files = (
			);
			runOnlyForDeploymentPostprocessing = 0;
		};
/* End PBXFrameworksBuildPhase section */

/* Begin PBXGroup section */
		DC4C07DA19FCCEFB0001C74C = {
			isa = PBXGroup;
			children = (
				DC4C07E519FCCEFB0001C74C /* ReactionTest */,
				DC4C07FB19FCCEFB0001C74C /* ReactionTestTests */,
				DC4C07E419FCCEFB0001C74C /* Products */,
			);
			sourceTree = "<group>";
		};
		DC4C07E419FCCEFB0001C74C /* Products */ = {
			isa = PBXGroup;
			children = (
				DC4C07E319FCCEFB0001C74C /* ReactionTest.app */,
				DC4C07F819FCCEFB0001C74C /* ReactionTestTests.xctest */,
			);
			name = Products;
			sourceTree = "<group>";
		};
		DC4C07E519FCCEFB0001C74C /* ReactionTest */ = {
			isa = PBXGroup;
			children = (
				DC1AA76619FCF079000B15EA /* ReactionButton.swift */,
				DC4C07E819FCCEFB0001C74C /* AppDelegate.swift */,
				DC4C07EA19FCCEFB0001C74C /* ViewController.swift */,
				DC60AAD819FD6235004B16DA /* GameScene.swift */,
				DC4C07EC19FCCEFB0001C74C /* Main.storyboard */,
				DC4C07EF19FCCEFB0001C74C /* Images.xcassets */,
				DC4C07F119FCCEFB0001C74C /* LaunchScreen.xib */,
				DC4C07E619FCCEFB0001C74C /* Supporting Files */,
			);
			path = ReactionTest;
			sourceTree = "<group>";
		};
		DC4C07E619FCCEFB0001C74C /* Supporting Files */ = {
			isa = PBXGroup;
			children = (
				DC4C07E719FCCEFB0001C74C /* Info.plist */,
			);
			name = "Supporting Files";
			sourceTree = "<group>";
		};
		DC4C07FB19FCCEFB0001C74C /* ReactionTestTests */ = {
			isa = PBXGroup;
			children = (
				DC4C07FE19FCCEFB0001C74C /* ReactionTestTests.swift */,
				DC4C07FC19FCCEFB0001C74C /* Supporting Files */,
			);
			path = ReactionTestTests;
			sourceTree = "<group>";
		};
		DC4C07FC19FCCEFB0001C74C /* Supporting Files */ = {
			isa = PBXGroup;
			children = (
				DC4C07FD19FCCEFB0001C74C /* Info.plist */,
			);
			name = "Supporting Files";
			sourceTree = "<group>";
		};
/* End PBXGroup section */

/* Begin PBXNativeTarget section */
		DC4C07E219FCCEFB0001C74C /* ReactionTest */ = {
			isa = PBXNativeTarget;
			buildConfigurationList = DC4C080219FCCEFB0001C74C /* Build configuration list for PBXNativeTarget "ReactionTest" */;
			buildPhases = (
				DC4C07DF19FCCEFB0001C74C /* Sources */,
				DC4C07E019FCCEFB0001C74C /* Frameworks */,
				DC4C07E119FCCEFB0001C74C /* Resources */,
			);
			buildRules = (
			);
			dependencies = (
			);
			name = ReactionTest;
			productName = ReactionTest;
			productReference = DC4C07E319FCCEFB0001C74C /* ReactionTest.app */;
			productType = "com.apple.product-type.application";
		};
		DC4C07F719FCCEFB0001C74C /* ReactionTestTests */ = {
			isa = PBXNativeTarget;
			buildConfigurationList = DC4C080519FCCEFB0001C74C /* Build configuration list for PBXNativeTarget "ReactionTestTests" */;
			buildPhases = (
				DC4C07F419FCCEFB0001C74C /* Sources */,
				DC4C07F519FCCEFB0001C74C /* Frameworks */,
				DC4C07F619FCCEFB0001C74C /* Resources */,
			);
			buildRules = (
			);
			dependencies = (
				DC4C07FA19FCCEFB0001C74C /* PBXTargetDependency */,
			);
			name = ReactionTestTests;
			productName = ReactionTestTests;
			productReference = DC4C07F819FCCEFB0001C74C /* ReactionTestTests.xctest */;
			productType = "com.apple.product-type.bundle.unit-test";
		};
/* End PBXNativeTarget section */

/* Begin PBXProject section */
		DC4C07DB19FCCEFB0001C74C /* Project object */ = {
			isa = PBXProject;
			attributes = {
				LastUpgradeCheck = 0610;
				ORGANIZATIONNAME = "Hesham Salman";
				TargetAttributes = {
					DC4C07E219FCCEFB0001C74C = {
						CreatedOnToolsVersion = 6.1;
					};
					DC4C07F719FCCEFB0001C74C = {
						CreatedOnToolsVersion = 6.1;
						TestTargetID = DC4C07E219FCCEFB0001C74C;
					};
				};
			};
			buildConfigurationList = DC4C07DE19FCCEFB0001C74C /* Build configuration list for PBXProject "ReactionTest" */;
			compatibilityVersion = "Xcode 3.2";
			developmentRegion = English;
			hasScannedForEncodings = 0;
			knownRegions = (
				en,
				Base,
			);
			mainGroup = DC4C07DA19FCCEFB0001C74C;
			productRefGroup = DC4C07E419FCCEFB0001C74C /* Products */;
			projectDirPath = "";
			projectRoot = "";
			targets = (
				DC4C07E219FCCEFB0001C74C /* ReactionTest */,
				DC4C07F719FCCEFB0001C74C /* ReactionTestTests */,
			);
		};
/* End PBXProject section */

/* Begin PBXResourcesBuildPhase section */
		DC4C07E119FCCEFB0001C74C /* Resources */ = {
			isa = PBXResourcesBuildPhase;
			buildActionMask = 2147483647;
			files = (
				DC4C07EE19FCCEFB0001C74C /* Main.storyboard in Resources */,
				DC4C07F319FCCEFB0001C74C /* LaunchScreen.xib in Resources */,
				DC4C07F019FCCEFB0001C74C /* Images.xcassets in Resources */,
			);
			runOnlyForDeploymentPostprocessing = 0;
		};
		DC4C07F619FCCEFB0001C74C /* Resources */ = {
			isa = PBXResourcesBuildPhase;
			buildActionMask = 2147483647;
			files = (
			);
			runOnlyForDeploymentPostprocessing = 0;
		};
/* End PBXResourcesBuildPhase section */

/* Begin PBXSourcesBuildPhase section */
		DC4C07DF19FCCEFB0001C74C /* Sources */ = {
			isa = PBXSourcesBuildPhase;
			buildActionMask = 2147483647;
			files = (
				DC1AA76719FCF079000B15EA /* ReactionButton.swift in Sources */,
				DC4C07EB19FCCEFB0001C74C /* ViewController.swift in Sources */,
				DC60AAD919FD6235004B16DA /* GameScene.swift in Sources */,
				DC4C07E919FCCEFB0001C74C /* AppDelegate.swift in Sources */,
			);
			runOnlyForDeploymentPostprocessing = 0;
		};
		DC4C07F419FCCEFB0001C74C /* Sources */ = {
			isa = PBXSourcesBuildPhase;
			buildActionMask = 2147483647;
			files = (
				DC4C07FF19FCCEFB0001C74C /* ReactionTestTests.swift in Sources */,
			);
			runOnlyForDeploymentPostprocessing = 0;
		};
/* End PBXSourcesBuildPhase section */

/* Begin PBXTargetDependency section */
		DC4C07FA19FCCEFB0001C74C /* PBXTargetDependency */ = {
			isa = PBXTargetDependency;
			target = DC4C07E219FCCEFB0001C74C /* ReactionTest */;
			targetProxy = DC4C07F919FCCEFB0001C74C /* PBXContainerItemProxy */;
		};
/* End PBXTargetDependency section */

/* Begin PBXVariantGroup section */
		DC4C07EC19FCCEFB0001C74C /* Main.storyboard */ = {
			isa = PBXVariantGroup;
			children = (
				DC4C07ED19FCCEFB0001C74C /* Base */,
			);
			name = Main.storyboard;
			sourceTree = "<group>";
		};
		DC4C07F119FCCEFB0001C74C /* LaunchScreen.xib */ = {
			isa = PBXVariantGroup;
			children = (
				DC4C07F219FCCEFB0001C74C /* Base */,
			);
			name = LaunchScreen.xib;
			sourceTree = "<group>";
		};
/* End PBXVariantGroup section */

/* Begin XCBuildConfiguration section */
		DC4C080019FCCEFB0001C74C /* Debug */ = {
			isa = XCBuildConfiguration;
			buildSettings = {
				ALWAYS_SEARCH_USER_PATHS = NO;
				CLANG_CXX_LANGUAGE_STANDARD = "gnu++0x";
				CLANG_CXX_LIBRARY = "libc++";
				CLANG_ENABLE_MODULES = YES;
				CLANG_ENABLE_OBJC_ARC = YES;
				CLANG_WARN_BOOL_CONVERSION = YES;
				CLANG_WARN_CONSTANT_CONVERSION = YES;
				CLANG_WARN_DIRECT_OBJC_ISA_USAGE = YES_ERROR;
				CLANG_WARN_EMPTY_BODY = YES;
				CLANG_WARN_ENUM_CONVERSION = YES;
				CLANG_WARN_INT_CONVERSION = YES;
				CLANG_WARN_OBJC_ROOT_CLASS = YES_ERROR;
				CLANG_WARN_UNREACHABLE_CODE = YES;
				CLANG_WARN__DUPLICATE_METHOD_MATCH = YES;
				"CODE_SIGN_IDENTITY[sdk=iphoneos*]" = "iPhone Developer";
				COPY_PHASE_STRIP = NO;
				ENABLE_STRICT_OBJC_MSGSEND = YES;
				GCC_C_LANGUAGE_STANDARD = gnu99;
				GCC_DYNAMIC_NO_PIC = NO;
				GCC_OPTIMIZATION_LEVEL = 0;
				GCC_PREPROCESSOR_DEFINITIONS = (
					"DEBUG=1",
					"$(inherited)",
				);
				GCC_SYMBOLS_PRIVATE_EXTERN = NO;
				GCC_WARN_64_TO_32_BIT_CONVERSION = YES;
				GCC_WARN_ABOUT_RETURN_TYPE = YES_ERROR;
				GCC_WARN_UNDECLARED_SELECTOR = YES;
				GCC_WARN_UNINITIALIZED_AUTOS = YES_AGGRESSIVE;
				GCC_WARN_UNUSED_FUNCTION = YES;
				GCC_WARN_UNUSED_VARIABLE = YES;
				IPHONEOS_DEPLOYMENT_TARGET = 8.1;
				MTL_ENABLE_DEBUG_INFO = YES;
				ONLY_ACTIVE_ARCH = YES;
				SDKROOT = iphoneos;
				SWIFT_OPTIMIZATION_LEVEL = "-Onone";
				TARGETED_DEVICE_FAMILY = "1,2";
			};
			name = Debug;
		};
		DC4C080119FCCEFB0001C74C /* Release */ = {
			isa = XCBuildConfiguration;
			buildSettings = {
				ALWAYS_SEARCH_USER_PATHS = NO;
				CLANG_CXX_LANGUAGE_STANDARD = "gnu++0x";
				CLANG_CXX_LIBRARY = "libc++";
				CLANG_ENABLE_MODULES = YES;
				CLANG_ENABLE_OBJC_ARC = YES;
				CLANG_WARN_BOOL_CONVERSION = YES;
				CLANG_WARN_CONSTANT_CONVERSION = YES;
				CLANG_WARN_DIRECT_OBJC_ISA_USAGE = YES_ERROR;
				CLANG_WARN_EMPTY_BODY = YES;
				CLANG_WARN_ENUM_CONVERSION = YES;
				CLANG_WARN_INT_CONVERSION = YES;
				CLANG_WARN_OBJC_ROOT_CLASS = YES_ERROR;
				CLANG_WARN_UNREACHABLE_CODE = YES;
				CLANG_WARN__DUPLICATE_METHOD_MATCH = YES;
				"CODE_SIGN_IDENTITY[sdk=iphoneos*]" = "iPhone Developer";
				COPY_PHASE_STRIP = YES;
				ENABLE_NS_ASSERTIONS = NO;
				ENABLE_STRICT_OBJC_MSGSEND = YES;
				GCC_C_LANGUAGE_STANDARD = gnu99;
				GCC_WARN_64_TO_32_BIT_CONVERSION = YES;
				GCC_WARN_ABOUT_RETURN_TYPE = YES_ERROR;
				GCC_WARN_UNDECLARED_SELECTOR = YES;
				GCC_WARN_UNINITIALIZED_AUTOS = YES_AGGRESSIVE;
				GCC_WARN_UNUSED_FUNCTION = YES;
				GCC_WARN_UNUSED_VARIABLE = YES;
				IPHONEOS_DEPLOYMENT_TARGET = 8.1;
				MTL_ENABLE_DEBUG_INFO = NO;
				SDKROOT = iphoneos;
				TARGETED_DEVICE_FAMILY = "1,2";
				VALIDATE_PRODUCT = YES;
			};
			name = Release;
		};
		DC4C080319FCCEFB0001C74C /* Debug */ = {
			isa = XCBuildConfiguration;
			buildSettings = {
				ASSETCATALOG_COMPILER_APPICON_NAME = AppIcon;
				INFOPLIST_FILE = ReactionTest/Info.plist;
				LD_RUNPATH_SEARCH_PATHS = "$(inherited) @executable_path/Frameworks";
				PRODUCT_NAME = "$(TARGET_NAME)";
			};
			name = Debug;
		};
		DC4C080419FCCEFB0001C74C /* Release */ = {
			isa = XCBuildConfiguration;
			buildSettings = {
				ASSETCATALOG_COMPILER_APPICON_NAME = AppIcon;
				INFOPLIST_FILE = ReactionTest/Info.plist;
				LD_RUNPATH_SEARCH_PATHS = "$(inherited) @executable_path/Frameworks";
				PRODUCT_NAME = "$(TARGET_NAME)";
			};
			name = Release;
		};
		DC4C080619FCCEFB0001C74C /* Debug */ = {
			isa = XCBuildConfiguration;
			buildSettings = {
				BUNDLE_LOADER = "$(TEST_HOST)";
				FRAMEWORK_SEARCH_PATHS = (
					"$(SDKROOT)/Developer/Library/Frameworks",
					"$(inherited)",
				);
				GCC_PREPROCESSOR_DEFINITIONS = (
					"DEBUG=1",
					"$(inherited)",
				);
				INFOPLIST_FILE = ReactionTestTests/Info.plist;
				LD_RUNPATH_SEARCH_PATHS = "$(inherited) @executable_path/Frameworks @loader_path/Frameworks";
				PRODUCT_NAME = "$(TARGET_NAME)";
				TEST_HOST = "$(BUILT_PRODUCTS_DIR)/ReactionTest.app/ReactionTest";
			};
			name = Debug;
		};
		DC4C080719FCCEFB0001C74C /* Release */ = {
			isa = XCBuildConfiguration;
			buildSettings = {
				BUNDLE_LOADER = "$(TEST_HOST)";
				FRAMEWORK_SEARCH_PATHS = (
					"$(SDKROOT)/Developer/Library/Frameworks",
					"$(inherited)",
				);
				INFOPLIST_FILE = ReactionTestTests/Info.plist;
				LD_RUNPATH_SEARCH_PATHS = "$(inherited) @executable_path/Frameworks @loader_path/Frameworks";
				PRODUCT_NAME = "$(TARGET_NAME)";
				TEST_HOST = "$(BUILT_PRODUCTS_DIR)/ReactionTest.app/ReactionTest";
			};
			name = Release;
		};
/* End XCBuildConfiguration section */

/* Begin XCConfigurationList section */
		DC4C07DE19FCCEFB0001C74C /* Build configuration list for PBXProject "ReactionTest" */ = {
			isa = XCConfigurationList;
			buildConfigurations = (
				DC4C080019FCCEFB0001C74C /* Debug */,
				DC4C080119FCCEFB0001C74C /* Release */,
			);
			defaultConfigurationIsVisible = 0;
			defaultConfigurationName = Release;
		};
		DC4C080219FCCEFB0001C74C /* Build configuration list for PBXNativeTarget "ReactionTest" */ = {
			isa = XCConfigurationList;
			buildConfigurations = (
				DC4C080319FCCEFB0001C74C /* Debug */,
				DC4C080419FCCEFB0001C74C /* Release */,
			);
			defaultConfigurationIsVisible = 0;
			defaultConfigurationName = Release;
		};
		DC4C080519FCCEFB0001C74C /* Build configuration list for PBXNativeTarget "ReactionTestTests" */ = {
			isa = XCConfigurationList;
			buildConfigurations = (
				DC4C080619FCCEFB0001C74C /* Debug */,
				DC4C080719FCCEFB0001C74C /* Release */,
			);
			defaultConfigurationIsVisible = 0;
			defaultConfigurationName = Release;
		};
/* End XCConfigurationList section */
	};
	rootObject = DC4C07DB19FCCEFB0001C74C /* Project object */;
}
