Microsoft Visual Studio Solution File, Format Version 11.00
# Visual Studio 2008

Project("{A399730D-6DE6-A075-5DA5-E6333605E0C6}") = "HurdleJumpr", "Assembly-CSharp-firstpass-vs.csproj", "{44A786FC-DBEF-D915-19EE-9F45E06EFBAD}"
EndProject
Project("{A399730D-6DE6-A075-5DA5-E6333605E0C6}") = "HurdleJumpr", "Assembly-CSharp-vs.csproj", "{BA495364-2E8C-A210-5E47-1B0D97952DDD}"
EndProject
Project("{A399730D-6DE6-A075-5DA5-E6333605E0C6}") = "HurdleJumpr", "Assembly-CSharp-Editor-vs.csproj", "{F139661F-B8A2-067F-731B-FEBD2767FBB4}"
EndProject
Global
	GlobalSection(SolutionConfigurationPlatforms) = preSolution
		Debug|Any CPU = Debug|Any CPU
		Release|Any CPU = Release|Any CPU
	EndGlobalSection
	GlobalSection(ProjectConfigurationPlatforms) = postSolution
		{44A786FC-DBEF-D915-19EE-9F45E06EFBAD}.Debug|Any CPU.ActiveCfg = Debug|Any CPU
		{44A786FC-DBEF-D915-19EE-9F45E06EFBAD}.Debug|Any CPU.Build.0 = Debug|Any CPU
		{44A786FC-DBEF-D915-19EE-9F45E06EFBAD}.Release|Any CPU.ActiveCfg = Release|Any CPU
		{44A786FC-DBEF-D915-19EE-9F45E06EFBAD}.Release|Any CPU.Build.0 = Release|Any CPU
		{BA495364-2E8C-A210-5E47-1B0D97952DDD}.Debug|Any CPU.ActiveCfg = Debug|Any CPU
		{BA495364-2E8C-A210-5E47-1B0D97952DDD}.Debug|Any CPU.Build.0 = Debug|Any CPU
		{BA495364-2E8C-A210-5E47-1B0D97952DDD}.Release|Any CPU.ActiveCfg = Release|Any CPU
		{BA495364-2E8C-A210-5E47-1B0D97952DDD}.Release|Any CPU.Build.0 = Release|Any CPU
		{F139661F-B8A2-067F-731B-FEBD2767FBB4}.Debug|Any CPU.ActiveCfg = Debug|Any CPU
		{F139661F-B8A2-067F-731B-FEBD2767FBB4}.Debug|Any CPU.Build.0 = Debug|Any CPU
		{F139661F-B8A2-067F-731B-FEBD2767FBB4}.Release|Any CPU.ActiveCfg = Release|Any CPU
		{F139661F-B8A2-067F-731B-FEBD2767FBB4}.Release|Any CPU.Build.0 = Release|Any CPU
	EndGlobalSection
	GlobalSection(SolutionProperties) = preSolution
		HideSolutionNode = FALSE
	EndGlobalSection
																																		GlobalSection(MonoDevelopProperties) = preSolution
		StartupItem = Assembly-CSharp.csproj
		Policies = $0
		$0.TextStylePolicy = $1
		$1.inheritsSet = null
		$1.scope = text/x-csharp
		$0.CSharpFormattingPolicy = $2
		$2.inheritsSet = Mono
		$2.inheritsScope = text/x-csharp
		$2.scope = text/x-csharp
		$0.TextStylePolicy = $3
		$3.FileWidth = 120
		$3.TabWidth = 4
		$3.EolMarker = Unix
		$3.inheritsSet = Mono
		$3.inheritsScope = text/plain
		$3.scope = text/plain
	EndGlobalSection

EndGlobal
