
Microsoft Visual Studio Solution File, Format Version 12.00
# Visual Studio 2013
Project("{FAE04EC0-301F-11D3-BF4B-00C04F79EFBC}") = "UnityVS.RoboJump.CSharp.Editor", "UnityVS.RoboJump.CSharp.Editor.csproj", "{32A35E89-4ABF-86A3-8964-3B5C9343BE86}"
EndProject
Project("{FAE04EC0-301F-11D3-BF4B-00C04F79EFBC}") = "UnityVS.RoboJump.CSharp", "UnityVS.RoboJump.CSharp.csproj", "{BEF4D321-CBCB-570C-7D8B-E2094C0169DC}"
EndProject
Project("{FAE04EC0-301F-11D3-BF4B-00C04F79EFBC}") = "UnityVS.RoboJump.CSharp.Plugins", "UnityVS.RoboJump.CSharp.Plugins.csproj", "{DDA0EA04-D114-9A63-36A3-1FEB18734F80}"
EndProject
Global
	GlobalSection(SolutionConfigurationPlatforms) = preSolution
		Debug|Any CPU = Debug|Any CPU
		Release|Any CPU = Release|Any CPU
	EndGlobalSection
	GlobalSection(ProjectConfigurationPlatforms) = postSolution
		{32A35E89-4ABF-86A3-8964-3B5C9343BE86}.Debug|Any CPU.ActiveCfg = Debug|Any CPU
		{32A35E89-4ABF-86A3-8964-3B5C9343BE86}.Debug|Any CPU.Build.0 = Debug|Any CPU
		{32A35E89-4ABF-86A3-8964-3B5C9343BE86}.Release|Any CPU.ActiveCfg = Release|Any CPU
		{32A35E89-4ABF-86A3-8964-3B5C9343BE86}.Release|Any CPU.Build.0 = Release|Any CPU
		{BEF4D321-CBCB-570C-7D8B-E2094C0169DC}.Debug|Any CPU.ActiveCfg = Debug|Any CPU
		{BEF4D321-CBCB-570C-7D8B-E2094C0169DC}.Debug|Any CPU.Build.0 = Debug|Any CPU
		{BEF4D321-CBCB-570C-7D8B-E2094C0169DC}.Release|Any CPU.ActiveCfg = Release|Any CPU
		{BEF4D321-CBCB-570C-7D8B-E2094C0169DC}.Release|Any CPU.Build.0 = Release|Any CPU
		{DDA0EA04-D114-9A63-36A3-1FEB18734F80}.Debug|Any CPU.ActiveCfg = Debug|Any CPU
		{DDA0EA04-D114-9A63-36A3-1FEB18734F80}.Debug|Any CPU.Build.0 = Debug|Any CPU
		{DDA0EA04-D114-9A63-36A3-1FEB18734F80}.Release|Any CPU.ActiveCfg = Release|Any CPU
		{DDA0EA04-D114-9A63-36A3-1FEB18734F80}.Release|Any CPU.Build.0 = Release|Any CPU
	EndGlobalSection
	GlobalSection(SolutionProperties) = preSolution
		HideSolutionNode = FALSE
	EndGlobalSection
EndGlobal
