
Microsoft Visual Studio Solution File, Format Version 12.00
# Visual Studio 2013
Project("{FAE04EC0-301F-11D3-BF4B-00C04F79EFBC}") = "UnityVS.HurdleJumprUnity.CSharp.Editor", "UnityVS.HurdleJumprUnity.CSharp.Editor.csproj", "{12B80798-45F9-85AE-2384-71148BBAE703}"
EndProject
Project("{FAE04EC0-301F-11D3-BF4B-00C04F79EFBC}") = "UnityVS.HurdleJumprUnity.CSharp", "UnityVS.HurdleJumprUnity.CSharp.csproj", "{527FAAA7-50BB-D967-B55D-C880CBD3F7FB}"
EndProject
Project("{FAE04EC0-301F-11D3-BF4B-00C04F79EFBC}") = "UnityVS.HurdleJumprUnity.CSharp.Plugins", "UnityVS.HurdleJumprUnity.CSharp.Plugins.csproj", "{EEF8810C-664C-02BB-4944-ECA4E38E29E2}"
EndProject
Global
	GlobalSection(SolutionConfigurationPlatforms) = preSolution
		Debug|Any CPU = Debug|Any CPU
		Release|Any CPU = Release|Any CPU
	EndGlobalSection
	GlobalSection(ProjectConfigurationPlatforms) = postSolution
		{12B80798-45F9-85AE-2384-71148BBAE703}.Debug|Any CPU.ActiveCfg = Debug|Any CPU
		{12B80798-45F9-85AE-2384-71148BBAE703}.Debug|Any CPU.Build.0 = Debug|Any CPU
		{12B80798-45F9-85AE-2384-71148BBAE703}.Release|Any CPU.ActiveCfg = Release|Any CPU
		{12B80798-45F9-85AE-2384-71148BBAE703}.Release|Any CPU.Build.0 = Release|Any CPU
		{527FAAA7-50BB-D967-B55D-C880CBD3F7FB}.Debug|Any CPU.ActiveCfg = Debug|Any CPU
		{527FAAA7-50BB-D967-B55D-C880CBD3F7FB}.Debug|Any CPU.Build.0 = Debug|Any CPU
		{527FAAA7-50BB-D967-B55D-C880CBD3F7FB}.Release|Any CPU.ActiveCfg = Release|Any CPU
		{527FAAA7-50BB-D967-B55D-C880CBD3F7FB}.Release|Any CPU.Build.0 = Release|Any CPU
		{EEF8810C-664C-02BB-4944-ECA4E38E29E2}.Debug|Any CPU.ActiveCfg = Debug|Any CPU
		{EEF8810C-664C-02BB-4944-ECA4E38E29E2}.Debug|Any CPU.Build.0 = Debug|Any CPU
		{EEF8810C-664C-02BB-4944-ECA4E38E29E2}.Release|Any CPU.ActiveCfg = Release|Any CPU
		{EEF8810C-664C-02BB-4944-ECA4E38E29E2}.Release|Any CPU.Build.0 = Release|Any CPU
	EndGlobalSection
	GlobalSection(SolutionProperties) = preSolution
		HideSolutionNode = FALSE
	EndGlobalSection
EndGlobal
